{
  "version": 4,
  "terraform_version": "1.0.0",
  "serial": 129,
  "lineage": "4b03c79c-2847-3a8c-0bb3-ce2f1f481da7",
  "outputs": {},
  "resources": [
    {
      "mode": "managed",
      "type": "aws_s3_bucket",
      "name": "b1",
      "provider": "provider[\"registry.terraform.io/hashicorp/aws\"]",
      "instances": [
        {
          "schema_version": 0,
          "attributes": {
            "acceleration_status": "",
            "acl": "private",
            "arn": "arn:aws:s3:::hsbc-sheshi2809",
            "bucket": "hsbc-sheshi2809",
            "bucket_domain_name": "hsbc-sheshi2809.s3.amazonaws.com",
            "bucket_prefix": null,
            "bucket_regional_domain_name": "hsbc-sheshi2809.s3.ap-southeast-1.amazonaws.com",
            "cors_rule": [],
            "force_destroy": false,
            "grant": [],
            "hosted_zone_id": "Z3O0J2DXBE1FTB",
            "id": "hsbc-sheshi2809",
            "lifecycle_rule": [],
            "logging": [],
            "object_lock_configuration": [],
            "object_lock_enabled": false,
            "policy": "{\"Version\":\"2012-10-17\",\"Id\":\"SourceIP\",\"Statement\":[{\"Sid\":\"SourceIP\",\"Effect\":\"Allow\",\"Principal\":\"*\",\"Action\":\"s3:*\",\"Resource\":[\"arn:aws:s3:::hsbc-sheshi2809\",\"arn:aws:s3:::hsbc-sheshi2809/*\"],\"Condition\":{\"IpAddress\":{\"aws:SourceIp\":[\"34.90.90.90/32\",\"22.22.22.90/32\"]}}}]}",
            "region": "ap-southeast-1",
            "replication_configuration": [],
            "request_payer": "BucketOwner",
            "server_side_encryption_configuration": [],
            "tags": {},
            "tags_all": {},
            "versioning": [
              {
                "enabled": false,
                "mfa_delete": false
              }
            ],
            "website": [],
            "website_domain": null,
            "website_endpoint": null
          },
          "sensitive_attributes": [],
          "private": "bnVsbA=="
        }
      ]
    },
    {
      "mode": "managed",
      "type": "aws_s3_bucket_policy",
      "name": "b1p1",
      "provider": "provider[\"registry.terraform.io/hashicorp/aws\"]",
      "instances": [
        {
          "schema_version": 0,
          "attributes": {
            "bucket": "hsbc-sheshi2809",
            "id": "hsbc-sheshi2809",
            "policy": "{\"Id\":\"SourceIP\",\"Statement\":[{\"Action\":\"s3:*\",\"Condition\":{\"IpAddress\":{\"aws:SourceIp\":[\"34.90.90.90/32\",\"22.22.22.90/32\"]}},\"Effect\":\"Allow\",\"Principal\":\"*\",\"Resource\":[\"arn:aws:s3:::hsbc-sheshi2809\",\"arn:aws:s3:::hsbc-sheshi2809/*\"],\"Sid\":\"SourceIP\"}],\"Version\":\"2012-10-17\"}"
          },
          "sensitive_attributes": [],
          "private": "bnVsbA==",
          "dependencies": [
            "aws_s3_bucket.b1"
          ]
        }
      ]
    },
    {
      "mode": "managed",
      "type": "aws_s3_bucket_versioning",
      "name": "versioning_example",
      "provider": "provider[\"registry.terraform.io/hashicorp/aws\"]",
      "instances": [
        {
          "schema_version": 0,
          "attributes": {
            "bucket": "hsbc-sheshi2809",
            "expected_bucket_owner": "",
            "id": "hsbc-sheshi2809",
            "mfa": null,
            "versioning_configuration": [
              {
                "mfa_delete": "",
                "status": "Enabled"
              }
            ]
          },
          "sensitive_attributes": [],
          "private": "bnVsbA==",
          "dependencies": [
            "aws_s3_bucket.b1"
          ]
        }
      ]
    }
  ]
}
